
Microsoft Visual Studio Solution File, Format Version 12.00
# Visual Studio Version 17
VisualStudioVersion = 17.5.002.0
MinimumVisualStudioVersion = 10.0.40219.1
Project("{9A19103F-16F7-4668-BE54-9A1E7A4F7556}") = "Program", "Program\Program.csproj", "{C6A9D530-25DA-41ED-9F8A-CD04556CE703}"
EndProject
Global
	GlobalSection(SolutionConfigurationPlatforms) = preSolution
		Debug|Any CPU = Debug|Any CPU
		Release|Any CPU = Release|Any CPU
	EndGlobalSection
	GlobalSection(ProjectConfigurationPlatforms) = postSolution
		{C6A9D530-25DA-41ED-9F8A-CD04556CE703}.Debug|Any CPU.ActiveCfg = Debug|Any CPU
		{C6A9D530-25DA-41ED-9F8A-CD04556CE703}.Debug|Any CPU.Build.0 = Debug|Any CPU
		{C6A9D530-25DA-41ED-9F8A-CD04556CE703}.Release|Any CPU.ActiveCfg = Release|Any CPU
		{C6A9D530-25DA-41ED-9F8A-CD04556CE703}.Release|Any CPU.Build.0 = Release|Any CPU
	EndGlobalSection
	GlobalSection(SolutionProperties) = preSolution
		HideSolutionNode = FALSE
	EndGlobalSection
	GlobalSection(ExtensibilityGlobals) = postSolution
		SolutionGuid = {720C8471-D699-4312-A50A-0E8769B51D1C}
	EndGlobalSection
EndGlobal
